{
  "nodes": {
    "flake-parts": {
      "inputs": {
        "nixpkgs-lib": [
          "nixpkgs"
        ]
      },
      "locked": {
        "lastModified": 1680392223,
        "narHash": "sha256-n3g7QFr85lDODKt250rkZj2IFS3i4/8HBU2yKHO3tqw=",
        "owner": "hercules-ci",
        "repo": "flake-parts",
        "rev": "dcc36e45d054d7bb554c9cdab69093debd91a0b5",
        "type": "github"
      },
      "original": {
        "owner": "hercules-ci",
        "repo": "flake-parts",
        "type": "github"
      }
    },
    "haskell-flake": {
      "locked": {
        "lastModified": 1680209587,
        "narHash": "sha256-pkoi6erX5sSrSOIqkbiWP3x5BdvMZuQ9BsrXJB4HxW8=",
        "owner": "srid",
        "repo": "haskell-flake",
        "rev": "2fde5d0cab1dd517b71c232053a15dc7cc09017c",
        "type": "github"
      },
      "original": {
        "owner": "srid",
        "repo": "haskell-flake",
        "type": "github"
      }
    },
    "nixpkgs": {
      "locked": {
        "lastModified": 1680273054,
        "narHash": "sha256-Bs6/5LpvYp379qVqGt9mXxxx9GSE789k3oFc+OAL07M=",
        "owner": "nixos",
        "repo": "nixpkgs",
        "rev": "3364b5b117f65fe1ce65a3cdd5612a078a3b31e3",
        "type": "github"
      },
      "original": {
        "owner": "nixos",
        "ref": "nixpkgs-unstable",
        "repo": "nixpkgs",
        "type": "github"
      }
    },
    "root": {
      "inputs": {
        "flake-parts": "flake-parts",
        "haskell-flake": "haskell-flake",
        "nixpkgs": "nixpkgs"
      }
    }
  },
  "root": "root",
  "version": 7
}
